
Microsoft Visual Studio Solution File, Format Version 12.00
# Visual Studio Version 16
VisualStudioVersion = 16.0.30804.86
MinimumVisualStudioVersion = 10.0.40219.1
Project("{FAE04EC0-301F-11D3-BF4B-00C04F79EFBC}") = "RpgTest", "RpgTest.csproj", "{99F558B8-0499-4925-879E-D3B7D73EF9EC}"
EndProject
Global
	GlobalSection(SolutionConfigurationPlatforms) = preSolution
		Debug|Any CPU = Debug|Any CPU
		Release|Any CPU = Release|Any CPU
	EndGlobalSection
	GlobalSection(ProjectConfigurationPlatforms) = postSolution
		{99F558B8-0499-4925-879E-D3B7D73EF9EC}.Debug|Any CPU.ActiveCfg = Debug|Any CPU
		{99F558B8-0499-4925-879E-D3B7D73EF9EC}.Debug|Any CPU.Build.0 = Debug|Any CPU
		{99F558B8-0499-4925-879E-D3B7D73EF9EC}.Release|Any CPU.ActiveCfg = Release|Any CPU
		{99F558B8-0499-4925-879E-D3B7D73EF9EC}.Release|Any CPU.Build.0 = Release|Any CPU
	EndGlobalSection
	GlobalSection(SolutionProperties) = preSolution
		HideSolutionNode = FALSE
	EndGlobalSection
	GlobalSection(ExtensibilityGlobals) = postSolution
		SolutionGuid = {53299C88-552D-4892-8476-303E1A5FAF87}
	EndGlobalSection
EndGlobal
